
Microsoft Visual Studio Solution File, Format Version 12.00
# Visual Studio Version 16
VisualStudioVersion = 16.0.32228.343
MinimumVisualStudioVersion = 10.0.40219.1
Project("{9A19103F-16F7-4668-BE54-9A1E7A4F7556}") = "BulletHell", "Project3\BulletHell.csproj", "{0A1DE7E0-EAC7-4F9B-8D34-038DD36186A4}"
EndProject
Global
	GlobalSection(SolutionConfigurationPlatforms) = preSolution
		Debug|Any CPU = Debug|Any CPU
		Release|Any CPU = Release|Any CPU
	EndGlobalSection
	GlobalSection(ProjectConfigurationPlatforms) = postSolution
		{0A1DE7E0-EAC7-4F9B-8D34-038DD36186A4}.Debug|Any CPU.ActiveCfg = Debug|Any CPU
		{0A1DE7E0-EAC7-4F9B-8D34-038DD36186A4}.Debug|Any CPU.Build.0 = Debug|Any CPU
		{0A1DE7E0-EAC7-4F9B-8D34-038DD36186A4}.Release|Any CPU.ActiveCfg = Release|Any CPU
		{0A1DE7E0-EAC7-4F9B-8D34-038DD36186A4}.Release|Any CPU.Build.0 = Release|Any CPU
	EndGlobalSection
	GlobalSection(SolutionProperties) = preSolution
		HideSolutionNode = FALSE
	EndGlobalSection
	GlobalSection(ExtensibilityGlobals) = postSolution
		SolutionGuid = {FF775921-DCC1-483F-9D38-D8EE3B4A195E}
	EndGlobalSection
EndGlobal
